// !$*UTF8*$!
{
	archiveVersion = 1;
	classes = {
	};
	objectVersion = 46;
	objects = {

/* Begin PBXBuildFile section */
		E221EBAA1DC8F3CA009A2AD4 /* main.m in Sources */ = {isa = PBXBuildFile; fileRef = E221EBA91DC8F3CA009A2AD4 /* main.m */; };
		E221EBB21DC906C2009A2AD4 /* AdditionQuestion.m in Sources */ = {isa = PBXBuildFile; fileRef = E221EBB11DC906C2009A2AD4 /* AdditionQuestion.m */; };
		E221EBB51DC913CC009A2AD4 /* InputHandler.m in Sources */ = {isa = PBXBuildFile; fileRef = E221EBB41DC913CC009A2AD4 /* InputHandler.m */; };
		E221EBB81DC91AE4009A2AD4 /* ScoreKeeper.m in Sources */ = {isa = PBXBuildFile; fileRef = E221EBB71DC91AE4009A2AD4 /* ScoreKeeper.m */; };
/* End PBXBuildFile section */

/* Begin PBXCopyFilesBuildPhase section */
		E221EBA41DC8F3CA009A2AD4 /* CopyFiles */ = {
			isa = PBXCopyFilesBuildPhase;
			buildActionMask = 2147483647;
			dstPath = /usr/share/man/man1/;
			dstSubfolderSpec = 0;
			files = (
			);
			runOnlyForDeploymentPostprocessing = 1;
		};
/* End PBXCopyFilesBuildPhase section */

/* Begin PBXFileReference section */
		E221EBA61DC8F3CA009A2AD4 /* Maths Game */ = {isa = PBXFileReference; explicitFileType = "compiled.mach-o.executable"; includeInIndex = 0; path = "Maths Game"; sourceTree = BUILT_PRODUCTS_DIR; };
		E221EBA91DC8F3CA009A2AD4 /* main.m */ = {isa = PBXFileReference; lastKnownFileType = sourcecode.c.objc; path = main.m; sourceTree = "<group>"; };
		E221EBB01DC906C2009A2AD4 /* AdditionQuestion.h */ = {isa = PBXFileReference; fileEncoding = 4; lastKnownFileType = sourcecode.c.h; path = AdditionQuestion.h; sourceTree = "<group>"; };
		E221EBB11DC906C2009A2AD4 /* AdditionQuestion.m */ = {isa = PBXFileReference; fileEncoding = 4; lastKnownFileType = sourcecode.c.objc; path = AdditionQuestion.m; sourceTree = "<group>"; };
		E221EBB31DC913CC009A2AD4 /* InputHandler.h */ = {isa = PBXFileReference; fileEncoding = 4; lastKnownFileType = sourcecode.c.h; path = InputHandler.h; sourceTree = "<group>"; };
		E221EBB41DC913CC009A2AD4 /* InputHandler.m */ = {isa = PBXFileReference; fileEncoding = 4; lastKnownFileType = sourcecode.c.objc; path = InputHandler.m; sourceTree = "<group>"; };
		E221EBB61DC91AE4009A2AD4 /* ScoreKeeper.h */ = {isa = PBXFileReference; fileEncoding = 4; lastKnownFileType = sourcecode.c.h; path = ScoreKeeper.h; sourceTree = "<group>"; };
		E221EBB71DC91AE4009A2AD4 /* ScoreKeeper.m */ = {isa = PBXFileReference; fileEncoding = 4; lastKnownFileType = sourcecode.c.objc; path = ScoreKeeper.m; sourceTree = "<group>"; };
/* End PBXFileReference section */

/* Begin PBXFrameworksBuildPhase section */
		E221EBA31DC8F3CA009A2AD4 /* Frameworks */ = {
			isa = PBXFrameworksBuildPhase;
			buildActionMask = 2147483647;
			files = (
			);
			runOnlyForDeploymentPostprocessing = 0;
		};
/* End PBXFrameworksBuildPhase section */

/* Begin PBXGroup section */
		E221EB9D1DC8F3CA009A2AD4 = {
			isa = PBXGroup;
			children = (
				E221EBA81DC8F3CA009A2AD4 /* Maths Game */,
				E221EBA71DC8F3CA009A2AD4 /* Products */,
			);
			sourceTree = "<group>";
		};
		E221EBA71DC8F3CA009A2AD4 /* Products */ = {
			isa = PBXGroup;
			children = (
				E221EBA61DC8F3CA009A2AD4 /* Maths Game */,
			);
			name = Products;
			sourceTree = "<group>";
		};
		E221EBA81DC8F3CA009A2AD4 /* Maths Game */ = {
			isa = PBXGroup;
			children = (
				E221EBA91DC8F3CA009A2AD4 /* main.m */,
				E221EBB01DC906C2009A2AD4 /* AdditionQuestion.h */,
				E221EBB11DC906C2009A2AD4 /* AdditionQuestion.m */,
				E221EBB31DC913CC009A2AD4 /* InputHandler.h */,
				E221EBB41DC913CC009A2AD4 /* InputHandler.m */,
				E221EBB61DC91AE4009A2AD4 /* ScoreKeeper.h */,
				E221EBB71DC91AE4009A2AD4 /* ScoreKeeper.m */,
			);
			path = "Maths Game";
			sourceTree = "<group>";
		};
/* End PBXGroup section */

/* Begin PBXNativeTarget section */
		E221EBA51DC8F3CA009A2AD4 /* Maths Game */ = {
			isa = PBXNativeTarget;
			buildConfigurationList = E221EBAD1DC8F3CA009A2AD4 /* Build configuration list for PBXNativeTarget "Maths Game" */;
			buildPhases = (
				E221EBA21DC8F3CA009A2AD4 /* Sources */,
				E221EBA31DC8F3CA009A2AD4 /* Frameworks */,
				E221EBA41DC8F3CA009A2AD4 /* CopyFiles */,
			);
			buildRules = (
			);
			dependencies = (
			);
			name = "Maths Game";
			productName = "Maths Game";
			productReference = E221EBA61DC8F3CA009A2AD4 /* Maths Game */;
			productType = "com.apple.product-type.tool";
		};
/* End PBXNativeTarget section */

/* Begin PBXProject section */
		E221EB9E1DC8F3CA009A2AD4 /* Project object */ = {
			isa = PBXProject;
			attributes = {
				LastUpgradeCheck = 0810;
				ORGANIZATIONNAME = "Stefan Verveniotis";
				TargetAttributes = {
					E221EBA51DC8F3CA009A2AD4 = {
						CreatedOnToolsVersion = 8.1;
						ProvisioningStyle = Automatic;
					};
				};
			};
			buildConfigurationList = E221EBA11DC8F3CA009A2AD4 /* Build configuration list for PBXProject "Maths Game" */;
			compatibilityVersion = "Xcode 3.2";
			developmentRegion = English;
			hasScannedForEncodings = 0;
			knownRegions = (
				en,
			);
			mainGroup = E221EB9D1DC8F3CA009A2AD4;
			productRefGroup = E221EBA71DC8F3CA009A2AD4 /* Products */;
			projectDirPath = "";
			projectRoot = "";
			targets = (
				E221EBA51DC8F3CA009A2AD4 /* Maths Game */,
			);
		};
/* End PBXProject section */

/* Begin PBXSourcesBuildPhase section */
		E221EBA21DC8F3CA009A2AD4 /* Sources */ = {
			isa = PBXSourcesBuildPhase;
			buildActionMask = 2147483647;
			files = (
				E221EBB81DC91AE4009A2AD4 /* ScoreKeeper.m in Sources */,
				E221EBAA1DC8F3CA009A2AD4 /* main.m in Sources */,
				E221EBB51DC913CC009A2AD4 /* InputHandler.m in Sources */,
				E221EBB21DC906C2009A2AD4 /* AdditionQuestion.m in Sources */,
			);
			runOnlyForDeploymentPostprocessing = 0;
		};
/* End PBXSourcesBuildPhase section */

/* Begin XCBuildConfiguration section */
		E221EBAB1DC8F3CA009A2AD4 /* Debug */ = {
			isa = XCBuildConfiguration;
			buildSettings = {
				ALWAYS_SEARCH_USER_PATHS = NO;
				CLANG_ANALYZER_NONNULL = YES;
				CLANG_CXX_LANGUAGE_STANDARD = "gnu++0x";
				CLANG_CXX_LIBRARY = "libc++";
				CLANG_ENABLE_MODULES = YES;
				CLANG_ENABLE_OBJC_ARC = YES;
				CLANG_WARN_BOOL_CONVERSION = YES;
				CLANG_WARN_CONSTANT_CONVERSION = YES;
				CLANG_WARN_DIRECT_OBJC_ISA_USAGE = YES_ERROR;
				CLANG_WARN_DOCUMENTATION_COMMENTS = YES;
				CLANG_WARN_EMPTY_BODY = YES;
				CLANG_WARN_ENUM_CONVERSION = YES;
				CLANG_WARN_INFINITE_RECURSION = YES;
				CLANG_WARN_INT_CONVERSION = YES;
				CLANG_WARN_OBJC_ROOT_CLASS = YES_ERROR;
				CLANG_WARN_SUSPICIOUS_MOVES = YES;
				CLANG_WARN_UNREACHABLE_CODE = YES;
				CLANG_WARN__DUPLICATE_METHOD_MATCH = YES;
				CODE_SIGN_IDENTITY = "-";
				COPY_PHASE_STRIP = NO;
				DEBUG_INFORMATION_FORMAT = dwarf;
				ENABLE_STRICT_OBJC_MSGSEND = YES;
				ENABLE_TESTABILITY = YES;
				GCC_C_LANGUAGE_STANDARD = gnu99;
				GCC_DYNAMIC_NO_PIC = NO;
				GCC_NO_COMMON_BLOCKS = YES;
				GCC_OPTIMIZATION_LEVEL = 0;
				GCC_PREPROCESSOR_DEFINITIONS = (
					"DEBUG=1",
					"$(inherited)",
				);
				GCC_WARN_64_TO_32_BIT_CONVERSION = YES;
				GCC_WARN_ABOUT_RETURN_TYPE = YES_ERROR;
				GCC_WARN_UNDECLARED_SELECTOR = YES;
				GCC_WARN_UNINITIALIZED_AUTOS = YES_AGGRESSIVE;
				GCC_WARN_UNUSED_FUNCTION = YES;
				GCC_WARN_UNUSED_VARIABLE = YES;
				MACOSX_DEPLOYMENT_TARGET = 10.12;
				MTL_ENABLE_DEBUG_INFO = YES;
				ONLY_ACTIVE_ARCH = YES;
				SDKROOT = macosx;
			};
			name = Debug;
		};
		E221EBAC1DC8F3CA009A2AD4 /* Release */ = {
			isa = XCBuildConfiguration;
			buildSettings = {
				ALWAYS_SEARCH_USER_PATHS = NO;
				CLANG_ANALYZER_NONNULL = YES;
				CLANG_CXX_LANGUAGE_STANDARD = "gnu++0x";
				CLANG_CXX_LIBRARY = "libc++";
				CLANG_ENABLE_MODULES = YES;
				CLANG_ENABLE_OBJC_ARC = YES;
				CLANG_WARN_BOOL_CONVERSION = YES;
				CLANG_WARN_CONSTANT_CONVERSION = YES;
				CLANG_WARN_DIRECT_OBJC_ISA_USAGE = YES_ERROR;
				CLANG_WARN_DOCUMENTATION_COMMENTS = YES;
				CLANG_WARN_EMPTY_BODY = YES;
				CLANG_WARN_ENUM_CONVERSION = YES;
				CLANG_WARN_INFINITE_RECURSION = YES;
				CLANG_WARN_INT_CONVERSION = YES;
				CLANG_WARN_OBJC_ROOT_CLASS = YES_ERROR;
				CLANG_WARN_SUSPICIOUS_MOVES = YES;
				CLANG_WARN_UNREACHABLE_CODE = YES;
				CLANG_WARN__DUPLICATE_METHOD_MATCH = YES;
				CODE_SIGN_IDENTITY = "-";
				COPY_PHASE_STRIP = NO;
				DEBUG_INFORMATION_FORMAT = "dwarf-with-dsym";
				ENABLE_NS_ASSERTIONS = NO;
				ENABLE_STRICT_OBJC_MSGSEND = YES;
				GCC_C_LANGUAGE_STANDARD = gnu99;
				GCC_NO_COMMON_BLOCKS = YES;
				GCC_WARN_64_TO_32_BIT_CONVERSION = YES;
				GCC_WARN_ABOUT_RETURN_TYPE = YES_ERROR;
				GCC_WARN_UNDECLARED_SELECTOR = YES;
				GCC_WARN_UNINITIALIZED_AUTOS = YES_AGGRESSIVE;
				GCC_WARN_UNUSED_FUNCTION = YES;
				GCC_WARN_UNUSED_VARIABLE = YES;
				MACOSX_DEPLOYMENT_TARGET = 10.12;
				MTL_ENABLE_DEBUG_INFO = NO;
				SDKROOT = macosx;
			};
			name = Release;
		};
		E221EBAE1DC8F3CA009A2AD4 /* Debug */ = {
			isa = XCBuildConfiguration;
			buildSettings = {
				PRODUCT_NAME = "$(TARGET_NAME)";
			};
			name = Debug;
		};
		E221EBAF1DC8F3CA009A2AD4 /* Release */ = {
			isa = XCBuildConfiguration;
			buildSettings = {
				PRODUCT_NAME = "$(TARGET_NAME)";
			};
			name = Release;
		};
/* End XCBuildConfiguration section */

/* Begin XCConfigurationList section */
		E221EBA11DC8F3CA009A2AD4 /* Build configuration list for PBXProject "Maths Game" */ = {
			isa = XCConfigurationList;
			buildConfigurations = (
				E221EBAB1DC8F3CA009A2AD4 /* Debug */,
				E221EBAC1DC8F3CA009A2AD4 /* Release */,
			);
			defaultConfigurationIsVisible = 0;
			defaultConfigurationName = Release;
		};
		E221EBAD1DC8F3CA009A2AD4 /* Build configuration list for PBXNativeTarget "Maths Game" */ = {
			isa = XCConfigurationList;
			buildConfigurations = (
				E221EBAE1DC8F3CA009A2AD4 /* Debug */,
				E221EBAF1DC8F3CA009A2AD4 /* Release */,
			);
			defaultConfigurationIsVisible = 0;
		};
/* End XCConfigurationList section */
	};
	rootObject = E221EB9E1DC8F3CA009A2AD4 /* Project object */;
}
